
Microsoft Visual Studio Solution File, Format Version 12.00
# Visual Studio Version 17
VisualStudioVersion = 17.8.34330.188
MinimumVisualStudioVersion = 10.0.40219.1
Project("{FAE04EC0-301F-11D3-BF4B-00C04F79EFBC}") = "Oyun", "Oyun\Oyun.csproj", "{19488F9B-70F9-4893-AE38-CBE108E7586E}"
EndProject
Global
	GlobalSection(SolutionConfigurationPlatforms) = preSolution
		Debug|Any CPU = Debug|Any CPU
		Release|Any CPU = Release|Any CPU
	EndGlobalSection
	GlobalSection(ProjectConfigurationPlatforms) = postSolution
		{19488F9B-70F9-4893-AE38-CBE108E7586E}.Debug|Any CPU.ActiveCfg = Debug|Any CPU
		{19488F9B-70F9-4893-AE38-CBE108E7586E}.Debug|Any CPU.Build.0 = Debug|Any CPU
		{19488F9B-70F9-4893-AE38-CBE108E7586E}.Release|Any CPU.ActiveCfg = Release|Any CPU
		{19488F9B-70F9-4893-AE38-CBE108E7586E}.Release|Any CPU.Build.0 = Release|Any CPU
	EndGlobalSection
	GlobalSection(SolutionProperties) = preSolution
		HideSolutionNode = FALSE
	EndGlobalSection
	GlobalSection(ExtensibilityGlobals) = postSolution
		SolutionGuid = {82D25D48-6B9B-48FE-A138-3EFA62DC3CB6}
	EndGlobalSection
EndGlobal
